
Microsoft Visual Studio Solution File, Format Version 12.00
# Visual Studio Version 17
VisualStudioVersion = 17.10.35122.118
MinimumVisualStudioVersion = 10.0.40219.1
Project("{FAE04EC0-301F-11D3-BF4B-00C04F79EFBC}") = "Server", "Server\Server.csproj", "{DAD2C252-4643-4399-AB4D-6FFFCA87A008}"
EndProject
Global
	GlobalSection(SolutionConfigurationPlatforms) = preSolution
		Debug|Any CPU = Debug|Any CPU
		Release|Any CPU = Release|Any CPU
	EndGlobalSection
	GlobalSection(ProjectConfigurationPlatforms) = postSolution
		{DAD2C252-4643-4399-AB4D-6FFFCA87A008}.Debug|Any CPU.ActiveCfg = Debug|Any CPU
		{DAD2C252-4643-4399-AB4D-6FFFCA87A008}.Debug|Any CPU.Build.0 = Debug|Any CPU
		{DAD2C252-4643-4399-AB4D-6FFFCA87A008}.Release|Any CPU.ActiveCfg = Release|Any CPU
		{DAD2C252-4643-4399-AB4D-6FFFCA87A008}.Release|Any CPU.Build.0 = Release|Any CPU
	EndGlobalSection
	GlobalSection(SolutionProperties) = preSolution
		HideSolutionNode = FALSE
	EndGlobalSection
	GlobalSection(ExtensibilityGlobals) = postSolution
		SolutionGuid = {33E9D0D9-3280-4EE0-B5DC-C3586D1E7753}
	EndGlobalSection
EndGlobal
